PODS:
  - HexColors (2.2.1)
  - Mantle (1.5):
    - Mantle/extobjc
  - Mantle/extobjc (1.5)
  - ReactiveCocoa (2.3.1):
    - ReactiveCocoa/UI
  - ReactiveCocoa/Core (2.3.1):
    - ReactiveCocoa/no-arc
  - ReactiveCocoa/no-arc (2.3.1)
  - ReactiveCocoa/UI (2.3.1):
    - ReactiveCocoa/Core
  - TSMessages (0.9.9):
    - HexColors

DEPENDENCIES:
  - Mantle
  - ReactiveCocoa
  - TSMessages

SPEC CHECKSUMS:
  HexColors: 01384d2bbe8dc4ffa43c3b4135db6e976952d153
  Mantle: c67a7e45e14196ed42b2a7cbb98ff6a9920e6b92
  ReactiveCocoa: dca75777b9d18990c8714a3a6f2149f29b4d1462
  TSMessages: 2999ef55e532378692e9d14d32da2bb60e285129

COCOAPODS: 0.33.1
