// !$*UTF8*$!
{
	archiveVersion = 1;
	classes = {
	};
	objectVersion = 46;
	objects = {

/* Begin PBXBuildFile section */
		2805497E19895B7C0049D619 /* IMONetworkManager.m in Sources */ = {isa = PBXBuildFile; fileRef = 2805497D19895B7C0049D619 /* IMONetworkManager.m */; };
		2805497F19895B7C0049D619 /* IMONetworkManager.m in Sources */ = {isa = PBXBuildFile; fileRef = 2805497D19895B7C0049D619 /* IMONetworkManager.m */; };
		28285A39199896A40056B707 /* IMOUserManager.m in Sources */ = {isa = PBXBuildFile; fileRef = 28285A38199896A40056B707 /* IMOUserManager.m */; };
		28285A3A199896A40056B707 /* IMOUserManager.m in Sources */ = {isa = PBXBuildFile; fileRef = 28285A38199896A40056B707 /* IMOUserManager.m */; };
		2830E8901978A5BE008E42ED /* IMOUser.m in Sources */ = {isa = PBXBuildFile; fileRef = 2830E88F1978A5BE008E42ED /* IMOUser.m */; };
		2830E8911978A5BE008E42ED /* IMOUser.m in Sources */ = {isa = PBXBuildFile; fileRef = 2830E88F1978A5BE008E42ED /* IMOUser.m */; };
		2830E8991978BBAC008E42ED /* IMOBillingInfo.m in Sources */ = {isa = PBXBuildFile; fileRef = 2830E8981978BBAC008E42ED /* IMOBillingInfo.m */; };
		2830E89A1978BBAC008E42ED /* IMOBillingInfo.m in Sources */ = {isa = PBXBuildFile; fileRef = 2830E8981978BBAC008E42ED /* IMOBillingInfo.m */; };
		2830E89D1978BE75008E42ED /* IMOCategory.m in Sources */ = {isa = PBXBuildFile; fileRef = 2830E89C1978BE75008E42ED /* IMOCategory.m */; };
		2830E89E1978BE75008E42ED /* IMOCategory.m in Sources */ = {isa = PBXBuildFile; fileRef = 2830E89C1978BE75008E42ED /* IMOCategory.m */; };
		2830E8A11978C46E008E42ED /* IMODevice.m in Sources */ = {isa = PBXBuildFile; fileRef = 2830E8A01978C46E008E42ED /* IMODevice.m */; };
		2830E8A21978C46E008E42ED /* IMODevice.m in Sources */ = {isa = PBXBuildFile; fileRef = 2830E8A01978C46E008E42ED /* IMODevice.m */; };
		2830E8A51978C808008E42ED /* IMOItem.m in Sources */ = {isa = PBXBuildFile; fileRef = 2830E8A41978C808008E42ED /* IMOItem.m */; };
		2830E8A61978C808008E42ED /* IMOItem.m in Sources */ = {isa = PBXBuildFile; fileRef = 2830E8A41978C808008E42ED /* IMOItem.m */; };
		284CBBB81946F35A006539A3 /* AppDelegate.swift in Sources */ = {isa = PBXBuildFile; fileRef = 284CBBB71946F35A006539A3 /* AppDelegate.swift */; };
		284CBBBF1946F35A006539A3 /* Main.storyboard in Resources */ = {isa = PBXBuildFile; fileRef = 284CBBBD1946F35A006539A3 /* Main.storyboard */; };
		284CBBC11946F35A006539A3 /* Images.xcassets in Resources */ = {isa = PBXBuildFile; fileRef = 284CBBC01946F35A006539A3 /* Images.xcassets */; };
		284CBBCD1946F35A006539A3 /* iModsTests.swift in Sources */ = {isa = PBXBuildFile; fileRef = 284CBBCC1946F35A006539A3 /* iModsTests.swift */; };
		284F988E19898AB00008DD90 /* IMOConstants.m in Sources */ = {isa = PBXBuildFile; fileRef = 284F988D19898AB00008DD90 /* IMOConstants.m */; };
		284F988F19898AB00008DD90 /* IMOConstants.m in Sources */ = {isa = PBXBuildFile; fileRef = 284F988D19898AB00008DD90 /* IMOConstants.m */; };
		285708951978CF5C00C7F37B /* IMOOrder.m in Sources */ = {isa = PBXBuildFile; fileRef = 285708941978CF5C00C7F37B /* IMOOrder.m */; };
		285708961978CF5C00C7F37B /* IMOOrder.m in Sources */ = {isa = PBXBuildFile; fileRef = 285708941978CF5C00C7F37B /* IMOOrder.m */; };
		289C58FD1994C33900AD0F5D /* IMOResponse.m in Sources */ = {isa = PBXBuildFile; fileRef = 289C58FC1994C33900AD0F5D /* IMOResponse.m */; };
		289C58FE1994C33900AD0F5D /* IMOResponse.m in Sources */ = {isa = PBXBuildFile; fileRef = 289C58FC1994C33900AD0F5D /* IMOResponse.m */; };
		289F003E198985410032B0C8 /* IMOPackageManager.m in Sources */ = {isa = PBXBuildFile; fileRef = 289F003D198985410032B0C8 /* IMOPackageManager.m */; };
		289F003F198985410032B0C8 /* IMOPackageManager.m in Sources */ = {isa = PBXBuildFile; fileRef = 289F003D198985410032B0C8 /* IMOPackageManager.m */; };
		28C7850319896ABF00323431 /* IMONetworkErrorResponse.m in Sources */ = {isa = PBXBuildFile; fileRef = 28C7850219896ABF00323431 /* IMONetworkErrorResponse.m */; };
		28C7850419896ABF00323431 /* IMONetworkErrorResponse.m in Sources */ = {isa = PBXBuildFile; fileRef = 28C7850219896ABF00323431 /* IMONetworkErrorResponse.m */; };
		28C955C21998903A00319DD0 /* IMOCategoryManager.m in Sources */ = {isa = PBXBuildFile; fileRef = 28C955C11998903A00319DD0 /* IMOCategoryManager.m */; };
		28C955C31998903A00319DD0 /* IMOCategoryManager.m in Sources */ = {isa = PBXBuildFile; fileRef = 28C955C11998903A00319DD0 /* IMOCategoryManager.m */; };
		28CF066819895783003347BB /* IMOSessionManager.m in Sources */ = {isa = PBXBuildFile; fileRef = 28CF066719895783003347BB /* IMOSessionManager.m */; };
		28CF066919895783003347BB /* IMOSessionManager.m in Sources */ = {isa = PBXBuildFile; fileRef = 28CF066719895783003347BB /* IMOSessionManager.m */; };
		4D3A7F781991D0940024AB2B /* libPods.a in Frameworks */ = {isa = PBXBuildFile; fileRef = 4D3A7F771991D0940024AB2B /* libPods.a */; };
		4D89289F19747FBD00AD8A28 /* FeaturedViewController.swift in Sources */ = {isa = PBXBuildFile; fileRef = 4D89289E19747FBD00AD8A28 /* FeaturedViewController.swift */; };
		4D8928A21974801900AD8A28 /* CategoriesViewController.swift in Sources */ = {isa = PBXBuildFile; fileRef = 4D8928A11974801900AD8A28 /* CategoriesViewController.swift */; };
		4D8928A41974809200AD8A28 /* SearchViewController.swift in Sources */ = {isa = PBXBuildFile; fileRef = 4D8928A31974809200AD8A28 /* SearchViewController.swift */; };
		4D8928A81974813300AD8A28 /* UpdatesViewController.swift in Sources */ = {isa = PBXBuildFile; fileRef = 4D8928A71974813300AD8A28 /* UpdatesViewController.swift */; };
		4D8928D719748CF000AD8A28 /* FeaturedNavigationController.swift in Sources */ = {isa = PBXBuildFile; fileRef = 4D8928D619748CF000AD8A28 /* FeaturedNavigationController.swift */; };
		4D8928D919748DE300AD8A28 /* FeaturedTableViewController.swift in Sources */ = {isa = PBXBuildFile; fileRef = 4D8928D819748DE300AD8A28 /* FeaturedTableViewController.swift */; };
		4D8928F419749D7800AD8A28 /* OpenSans-Bold.ttf in Resources */ = {isa = PBXBuildFile; fileRef = 4D8928EA19749D7800AD8A28 /* OpenSans-Bold.ttf */; };
		4D8928F519749D7800AD8A28 /* OpenSans-BoldItalic.ttf in Resources */ = {isa = PBXBuildFile; fileRef = 4D8928EB19749D7800AD8A28 /* OpenSans-BoldItalic.ttf */; };
		4D8928F619749D7800AD8A28 /* OpenSans-ExtraBold.ttf in Resources */ = {isa = PBXBuildFile; fileRef = 4D8928EC19749D7800AD8A28 /* OpenSans-ExtraBold.ttf */; };
		4D8928F719749D7800AD8A28 /* OpenSans-ExtraBoldItalic.ttf in Resources */ = {isa = PBXBuildFile; fileRef = 4D8928ED19749D7800AD8A28 /* OpenSans-ExtraBoldItalic.ttf */; };
		4D8928F819749D7800AD8A28 /* OpenSans-Italic.ttf in Resources */ = {isa = PBXBuildFile; fileRef = 4D8928EE19749D7800AD8A28 /* OpenSans-Italic.ttf */; };
		4D8928F919749D7800AD8A28 /* OpenSans-Light.ttf in Resources */ = {isa = PBXBuildFile; fileRef = 4D8928EF19749D7800AD8A28 /* OpenSans-Light.ttf */; };
		4D8928FA19749D7800AD8A28 /* OpenSans-LightItalic.ttf in Resources */ = {isa = PBXBuildFile; fileRef = 4D8928F019749D7800AD8A28 /* OpenSans-LightItalic.ttf */; };
		4D8928FB19749D7800AD8A28 /* OpenSans-Regular.ttf in Resources */ = {isa = PBXBuildFile; fileRef = 4D8928F119749D7800AD8A28 /* OpenSans-Regular.ttf */; };
		4D8928FC19749D7800AD8A28 /* OpenSans-Semibold.ttf in Resources */ = {isa = PBXBuildFile; fileRef = 4D8928F219749D7800AD8A28 /* OpenSans-Semibold.ttf */; };
		4D8928FD19749D7800AD8A28 /* OpenSans-SemiboldItalic.ttf in Resources */ = {isa = PBXBuildFile; fileRef = 4D8928F319749D7800AD8A28 /* OpenSans-SemiboldItalic.ttf */; };
		4DDAD980199464BA00918424 /* TweaksTestDataSource.swift in Sources */ = {isa = PBXBuildFile; fileRef = 4DDAD97F199464BA00918424 /* TweaksTestDataSource.swift */; };
		4DDAD982199464CE00918424 /* ThemesTestDataSource.swift in Sources */ = {isa = PBXBuildFile; fileRef = 4DDAD981199464CE00918424 /* ThemesTestDataSource.swift */; };
		4DDAD9841994817D00918424 /* ProfileViewController.swift in Sources */ = {isa = PBXBuildFile; fileRef = 4DDAD9831994817D00918424 /* ProfileViewController.swift */; };
		4DDAD98619948E0A00918424 /* FeaturedBannerController.swift in Sources */ = {isa = PBXBuildFile; fileRef = 4DDAD98519948E0A00918424 /* FeaturedBannerController.swift */; };
		4DDAD9881994971C00918424 /* IMOItemDataSource.swift in Sources */ = {isa = PBXBuildFile; fileRef = 4DDAD9871994971C00918424 /* IMOItemDataSource.swift */; };
		4DF721E41979CE880011B91C /* ItemDetailViewController.swift in Sources */ = {isa = PBXBuildFile; fileRef = 4DF721E31979CE880011B91C /* ItemDetailViewController.swift */; };
		C7C2F715FD834C89850BD6DE /* libPods.a in Frameworks */ = {isa = PBXBuildFile; fileRef = 0B3C95FDF7B146ABBF782234 /* libPods.a */; };
/* End PBXBuildFile section */

/* Begin PBXContainerItemProxy section */
		282130471994802B000A8FCF /* PBXContainerItemProxy */ = {
			isa = PBXContainerItemProxy;
			containerPortal = 284CBBAA1946F35A006539A3 /* Project object */;
			proxyType = 1;
			remoteGlobalIDString = 284CBBB11946F35A006539A3;
			remoteInfo = iMods;
		};
		282130491994802B000A8FCF /* PBXContainerItemProxy */ = {
			isa = PBXContainerItemProxy;
			containerPortal = 284CBBAA1946F35A006539A3 /* Project object */;
			proxyType = 1;
			remoteGlobalIDString = 284CBBB11946F35A006539A3;
			remoteInfo = iMods;
		};
		2821304B199486D0000A8FCF /* PBXContainerItemProxy */ = {
			isa = PBXContainerItemProxy;
			containerPortal = 284CBBAA1946F35A006539A3 /* Project object */;
			proxyType = 1;
			remoteGlobalIDString = 284CBBB11946F35A006539A3;
			remoteInfo = iMods;
		};
		2821304D199486D0000A8FCF /* PBXContainerItemProxy */ = {
			isa = PBXContainerItemProxy;
			containerPortal = 284CBBAA1946F35A006539A3 /* Project object */;
			proxyType = 1;
			remoteGlobalIDString = 284CBBB11946F35A006539A3;
			remoteInfo = iMods;
		};
		2821304F19948D1F000A8FCF /* PBXContainerItemProxy */ = {
			isa = PBXContainerItemProxy;
			containerPortal = 284CBBAA1946F35A006539A3 /* Project object */;
			proxyType = 1;
			remoteGlobalIDString = 284CBBB11946F35A006539A3;
			remoteInfo = iMods;
		};
		2821305119949373000A8FCF /* PBXContainerItemProxy */ = {
			isa = PBXContainerItemProxy;
			containerPortal = 284CBBAA1946F35A006539A3 /* Project object */;
			proxyType = 1;
			remoteGlobalIDString = 284CBBB11946F35A006539A3;
			remoteInfo = iMods;
		};
		2821305319949C73000A8FCF /* PBXContainerItemProxy */ = {
			isa = PBXContainerItemProxy;
			containerPortal = 284CBBAA1946F35A006539A3 /* Project object */;
			proxyType = 1;
			remoteGlobalIDString = 284CBBB11946F35A006539A3;
			remoteInfo = iMods;
		};
		2821305519949C76000A8FCF /* PBXContainerItemProxy */ = {
			isa = PBXContainerItemProxy;
			containerPortal = 284CBBAA1946F35A006539A3 /* Project object */;
			proxyType = 1;
			remoteGlobalIDString = 284CBBB11946F35A006539A3;
			remoteInfo = iMods;
		};
		2821305719949C7B000A8FCF /* PBXContainerItemProxy */ = {
			isa = PBXContainerItemProxy;
			containerPortal = 284CBBAA1946F35A006539A3 /* Project object */;
			proxyType = 1;
			remoteGlobalIDString = 284CBBB11946F35A006539A3;
			remoteInfo = iMods;
		};
		284CBBC71946F35A006539A3 /* PBXContainerItemProxy */ = {
			isa = PBXContainerItemProxy;
			containerPortal = 284CBBAA1946F35A006539A3 /* Project object */;
			proxyType = 1;
			remoteGlobalIDString = 284CBBB11946F35A006539A3;
			remoteInfo = iMods;
		};
		2857089E1978F44800C7F37B /* PBXContainerItemProxy */ = {
			isa = PBXContainerItemProxy;
			containerPortal = 284CBBAA1946F35A006539A3 /* Project object */;
			proxyType = 1;
			remoteGlobalIDString = 284CBBB11946F35A006539A3;
			remoteInfo = iMods;
		};
		289C58FF1994F3B900AD0F5D /* PBXContainerItemProxy */ = {
			isa = PBXContainerItemProxy;
			containerPortal = 284CBBAA1946F35A006539A3 /* Project object */;
			proxyType = 1;
			remoteGlobalIDString = 284CBBB11946F35A006539A3;
			remoteInfo = iMods;
		};
		289C590D1994F5EA00AD0F5D /* PBXContainerItemProxy */ = {
			isa = PBXContainerItemProxy;
			containerPortal = 284CBBAA1946F35A006539A3 /* Project object */;
			proxyType = 1;
			remoteGlobalIDString = 284CBBB11946F35A006539A3;
			remoteInfo = iMods;
		};
		28D9461F19804B1A00DF7ADC /* PBXContainerItemProxy */ = {
			isa = PBXContainerItemProxy;
			containerPortal = 284CBBAA1946F35A006539A3 /* Project object */;
			proxyType = 1;
			remoteGlobalIDString = 284CBBB11946F35A006539A3;
			remoteInfo = iMods;
		};
/* End PBXContainerItemProxy section */

/* Begin PBXFileReference section */
		0B3C95FDF7B146ABBF782234 /* libPods.a */ = {isa = PBXFileReference; explicitFileType = archive.ar; includeInIndex = 0; path = libPods.a; sourceTree = BUILT_PRODUCTS_DIR; };
		2805497C19895B7C0049D619 /* IMONetworkManager.h */ = {isa = PBXFileReference; fileEncoding = 4; lastKnownFileType = sourcecode.c.h; name = IMONetworkManager.h; path = Classes/NetworkManager/IMONetworkManager.h; sourceTree = "<group>"; };
		2805497D19895B7C0049D619 /* IMONetworkManager.m */ = {isa = PBXFileReference; fileEncoding = 4; lastKnownFileType = sourcecode.c.objc; name = IMONetworkManager.m; path = Classes/NetworkManager/IMONetworkManager.m; sourceTree = "<group>"; };
		28285A37199896A40056B707 /* IMOUserManager.h */ = {isa = PBXFileReference; fileEncoding = 4; lastKnownFileType = sourcecode.c.h; name = IMOUserManager.h; path = Classes/SessionManager/IMOUserManager.h; sourceTree = "<group>"; };
		28285A38199896A40056B707 /* IMOUserManager.m */ = {isa = PBXFileReference; fileEncoding = 4; lastKnownFileType = sourcecode.c.objc; name = IMOUserManager.m; path = Classes/SessionManager/IMOUserManager.m; sourceTree = "<group>"; };
		2830E88F1978A5BE008E42ED /* IMOUser.m */ = {isa = PBXFileReference; fileEncoding = 4; lastKnownFileType = sourcecode.c.objc; path = IMOUser.m; sourceTree = "<group>"; };
		2830E8931978AFA5008E42ED /* IMOConstants.h */ = {isa = PBXFileReference; fileEncoding = 4; lastKnownFileType = sourcecode.c.h; path = IMOConstants.h; sourceTree = "<group>"; };
		2830E8981978BBAC008E42ED /* IMOBillingInfo.m */ = {isa = PBXFileReference; fileEncoding = 4; lastKnownFileType = sourcecode.c.objc; path = IMOBillingInfo.m; sourceTree = "<group>"; };
		2830E89C1978BE75008E42ED /* IMOCategory.m */ = {isa = PBXFileReference; fileEncoding = 4; lastKnownFileType = sourcecode.c.objc; path = IMOCategory.m; sourceTree = "<group>"; };
		2830E8A01978C46E008E42ED /* IMODevice.m */ = {isa = PBXFileReference; fileEncoding = 4; lastKnownFileType = sourcecode.c.objc; path = IMODevice.m; sourceTree = "<group>"; };
		2830E8A41978C808008E42ED /* IMOItem.m */ = {isa = PBXFileReference; fileEncoding = 4; lastKnownFileType = sourcecode.c.objc; path = IMOItem.m; sourceTree = "<group>"; };
		284CBBB21946F35A006539A3 /* iMods.app */ = {isa = PBXFileReference; explicitFileType = wrapper.application; includeInIndex = 0; path = iMods.app; sourceTree = BUILT_PRODUCTS_DIR; };
		284CBBB61946F35A006539A3 /* Info.plist */ = {isa = PBXFileReference; lastKnownFileType = text.plist.xml; path = Info.plist; sourceTree = "<group>"; };
		284CBBB71946F35A006539A3 /* AppDelegate.swift */ = {isa = PBXFileReference; lastKnownFileType = sourcecode.swift; path = AppDelegate.swift; sourceTree = "<group>"; };
		284CBBBE1946F35A006539A3 /* Base */ = {isa = PBXFileReference; lastKnownFileType = file.storyboard; name = Base; path = Base.lproj/Main.storyboard; sourceTree = "<group>"; };
		284CBBC01946F35A006539A3 /* Images.xcassets */ = {isa = PBXFileReference; lastKnownFileType = folder.assetcatalog; name = Images.xcassets; path = Resources/Images.xcassets; sourceTree = "<group>"; };
		284CBBC61946F35A006539A3 /* iModsTests.xctest */ = {isa = PBXFileReference; explicitFileType = wrapper.cfbundle; includeInIndex = 0; path = iModsTests.xctest; sourceTree = BUILT_PRODUCTS_DIR; };
		284CBBCB1946F35A006539A3 /* Info.plist */ = {isa = PBXFileReference; lastKnownFileType = text.plist.xml; path = Info.plist; sourceTree = "<group>"; };
		284CBBCC1946F35A006539A3 /* iModsTests.swift */ = {isa = PBXFileReference; lastKnownFileType = sourcecode.swift; path = iModsTests.swift; sourceTree = "<group>"; };
		284F988919898A9F0008DD90 /* IMOConstants.h */ = {isa = PBXFileReference; fileEncoding = 4; lastKnownFileType = sourcecode.c.h; name = IMOConstants.h; path = Classes/Constants/IMOConstants.h; sourceTree = "<group>"; };
		284F988D19898AB00008DD90 /* IMOConstants.m */ = {isa = PBXFileReference; fileEncoding = 4; lastKnownFileType = sourcecode.c.objc; name = IMOConstants.m; path = Classes/Constants/IMOConstants.m; sourceTree = "<group>"; };
		285708941978CF5C00C7F37B /* IMOOrder.m */ = {isa = PBXFileReference; fileEncoding = 4; lastKnownFileType = sourcecode.c.objc; path = IMOOrder.m; sourceTree = "<group>"; };
		285708971978E5F800C7F37B /* IMOUser.h */ = {isa = PBXFileReference; fileEncoding = 4; lastKnownFileType = sourcecode.c.h; path = IMOUser.h; sourceTree = "<group>"; };
		285708981978E63F00C7F37B /* IMOCategory.h */ = {isa = PBXFileReference; fileEncoding = 4; lastKnownFileType = sourcecode.c.h; path = IMOCategory.h; sourceTree = "<group>"; };
		285708991978E69E00C7F37B /* IMOBillingInfo.h */ = {isa = PBXFileReference; fileEncoding = 4; lastKnownFileType = sourcecode.c.h; path = IMOBillingInfo.h; sourceTree = "<group>"; };
		2857089A1978E6E500C7F37B /* IMODevice.h */ = {isa = PBXFileReference; fileEncoding = 4; lastKnownFileType = sourcecode.c.h; path = IMODevice.h; sourceTree = "<group>"; };
		2857089B1978E70B00C7F37B /* IMOItem.h */ = {isa = PBXFileReference; fileEncoding = 4; lastKnownFileType = sourcecode.c.h; path = IMOItem.h; sourceTree = "<group>"; };
		2857089C1978E73B00C7F37B /* IMOOrder.h */ = {isa = PBXFileReference; fileEncoding = 4; lastKnownFileType = sourcecode.c.h; path = IMOOrder.h; sourceTree = "<group>"; };
		289C58FB1994C33900AD0F5D /* IMOResponse.h */ = {isa = PBXFileReference; fileEncoding = 4; lastKnownFileType = sourcecode.c.h; name = IMOResponse.h; path = Classes/NetworkManager/IMOResponse.h; sourceTree = "<group>"; };
		289C58FC1994C33900AD0F5D /* IMOResponse.m */ = {isa = PBXFileReference; fileEncoding = 4; lastKnownFileType = sourcecode.c.objc; name = IMOResponse.m; path = Classes/NetworkManager/IMOResponse.m; sourceTree = "<group>"; };
		289F003C198985410032B0C8 /* IMOPackageManager.h */ = {isa = PBXFileReference; fileEncoding = 4; lastKnownFileType = sourcecode.c.h; name = IMOPackageManager.h; path = Classes/PackageManager/IMOPackageManager.h; sourceTree = "<group>"; };
		289F003D198985410032B0C8 /* IMOPackageManager.m */ = {isa = PBXFileReference; fileEncoding = 4; lastKnownFileType = sourcecode.c.objc; name = IMOPackageManager.m; path = Classes/PackageManager/IMOPackageManager.m; sourceTree = "<group>"; };
		28C7850119896ABF00323431 /* IMONetworkErrorResponse.h */ = {isa = PBXFileReference; fileEncoding = 4; lastKnownFileType = sourcecode.c.h; name = IMONetworkErrorResponse.h; path = Classes/NetworkManager/IMONetworkErrorResponse.h; sourceTree = "<group>"; };
		28C7850219896ABF00323431 /* IMONetworkErrorResponse.m */ = {isa = PBXFileReference; fileEncoding = 4; lastKnownFileType = sourcecode.c.objc; name = IMONetworkErrorResponse.m; path = Classes/NetworkManager/IMONetworkErrorResponse.m; sourceTree = "<group>"; };
		28C955C11998903A00319DD0 /* IMOCategoryManager.m */ = {isa = PBXFileReference; fileEncoding = 4; lastKnownFileType = sourcecode.c.objc; name = IMOCategoryManager.m; path = Classes/SessionManager/IMOCategoryManager.m; sourceTree = "<group>"; };
		28C955C41998904A00319DD0 /* IMOCategoryManager.h */ = {isa = PBXFileReference; fileEncoding = 4; lastKnownFileType = sourcecode.c.h; name = IMOCategoryManager.h; path = Classes/SessionManager/IMOCategoryManager.h; sourceTree = "<group>"; };
		28CF066719895783003347BB /* IMOSessionManager.m */ = {isa = PBXFileReference; fileEncoding = 4; lastKnownFileType = sourcecode.c.objc; name = IMOSessionManager.m; path = Classes/SessionManager/IMOSessionManager.m; sourceTree = "<group>"; };
		28EC287A1980DF4F0086CE7A /* IMOSessionManager.h */ = {isa = PBXFileReference; fileEncoding = 4; lastKnownFileType = sourcecode.c.h; name = IMOSessionManager.h; path = Classes/SessionManager/IMOSessionManager.h; sourceTree = "<group>"; };
		4D3A7F771991D0940024AB2B /* libPods.a */ = {isa = PBXFileReference; lastKnownFileType = archive.ar; name = libPods.a; path = "Pods/build/Debug-iphoneos/libPods.a"; sourceTree = "<group>"; };
		4D89289E19747FBD00AD8A28 /* FeaturedViewController.swift */ = {isa = PBXFileReference; fileEncoding = 4; lastKnownFileType = sourcecode.swift; path = FeaturedViewController.swift; sourceTree = "<group>"; };
		4D8928A11974801900AD8A28 /* CategoriesViewController.swift */ = {isa = PBXFileReference; fileEncoding = 4; lastKnownFileType = sourcecode.swift; path = CategoriesViewController.swift; sourceTree = "<group>"; };
		4D8928A31974809200AD8A28 /* SearchViewController.swift */ = {isa = PBXFileReference; fileEncoding = 4; lastKnownFileType = sourcecode.swift; path = SearchViewController.swift; sourceTree = "<group>"; };
		4D8928A71974813300AD8A28 /* UpdatesViewController.swift */ = {isa = PBXFileReference; fileEncoding = 4; lastKnownFileType = sourcecode.swift; path = UpdatesViewController.swift; sourceTree = "<group>"; };
		4D8928D619748CF000AD8A28 /* FeaturedNavigationController.swift */ = {isa = PBXFileReference; fileEncoding = 4; lastKnownFileType = sourcecode.swift; path = FeaturedNavigationController.swift; sourceTree = "<group>"; };
		4D8928D819748DE300AD8A28 /* FeaturedTableViewController.swift */ = {isa = PBXFileReference; fileEncoding = 4; lastKnownFileType = sourcecode.swift; path = FeaturedTableViewController.swift; sourceTree = "<group>"; };
		4D8928EA19749D7800AD8A28 /* OpenSans-Bold.ttf */ = {isa = PBXFileReference; lastKnownFileType = file; path = "OpenSans-Bold.ttf"; sourceTree = "<group>"; };
		4D8928EB19749D7800AD8A28 /* OpenSans-BoldItalic.ttf */ = {isa = PBXFileReference; lastKnownFileType = file; path = "OpenSans-BoldItalic.ttf"; sourceTree = "<group>"; };
		4D8928EC19749D7800AD8A28 /* OpenSans-ExtraBold.ttf */ = {isa = PBXFileReference; lastKnownFileType = file; path = "OpenSans-ExtraBold.ttf"; sourceTree = "<group>"; };
		4D8928ED19749D7800AD8A28 /* OpenSans-ExtraBoldItalic.ttf */ = {isa = PBXFileReference; lastKnownFileType = file; path = "OpenSans-ExtraBoldItalic.ttf"; sourceTree = "<group>"; };
		4D8928EE19749D7800AD8A28 /* OpenSans-Italic.ttf */ = {isa = PBXFileReference; lastKnownFileType = file; path = "OpenSans-Italic.ttf"; sourceTree = "<group>"; };
		4D8928EF19749D7800AD8A28 /* OpenSans-Light.ttf */ = {isa = PBXFileReference; lastKnownFileType = file; path = "OpenSans-Light.ttf"; sourceTree = "<group>"; };
		4D8928F019749D7800AD8A28 /* OpenSans-LightItalic.ttf */ = {isa = PBXFileReference; lastKnownFileType = file; path = "OpenSans-LightItalic.ttf"; sourceTree = "<group>"; };
		4D8928F119749D7800AD8A28 /* OpenSans-Regular.ttf */ = {isa = PBXFileReference; lastKnownFileType = file; path = "OpenSans-Regular.ttf"; sourceTree = "<group>"; };
		4D8928F219749D7800AD8A28 /* OpenSans-Semibold.ttf */ = {isa = PBXFileReference; lastKnownFileType = file; path = "OpenSans-Semibold.ttf"; sourceTree = "<group>"; };
		4D8928F319749D7800AD8A28 /* OpenSans-SemiboldItalic.ttf */ = {isa = PBXFileReference; lastKnownFileType = file; path = "OpenSans-SemiboldItalic.ttf"; sourceTree = "<group>"; };
		4DDAD97F199464BA00918424 /* TweaksTestDataSource.swift */ = {isa = PBXFileReference; fileEncoding = 4; lastKnownFileType = sourcecode.swift; path = TweaksTestDataSource.swift; sourceTree = "<group>"; };
		4DDAD981199464CE00918424 /* ThemesTestDataSource.swift */ = {isa = PBXFileReference; fileEncoding = 4; lastKnownFileType = sourcecode.swift; path = ThemesTestDataSource.swift; sourceTree = "<group>"; };
		4DDAD9831994817D00918424 /* ProfileViewController.swift */ = {isa = PBXFileReference; fileEncoding = 4; lastKnownFileType = sourcecode.swift; path = ProfileViewController.swift; sourceTree = "<group>"; };
		4DDAD98519948E0A00918424 /* FeaturedBannerController.swift */ = {isa = PBXFileReference; fileEncoding = 4; lastKnownFileType = sourcecode.swift; path = FeaturedBannerController.swift; sourceTree = "<group>"; };
		4DDAD9871994971C00918424 /* IMOItemDataSource.swift */ = {isa = PBXFileReference; fileEncoding = 4; lastKnownFileType = sourcecode.swift; path = IMOItemDataSource.swift; sourceTree = "<group>"; };
		4DDFAC5C19762C860094FB8D /* libPods-AFNetworking.a */ = {isa = PBXFileReference; lastKnownFileType = archive.ar; name = "libPods-AFNetworking.a"; path = "Pods/build/Debug-iphoneos/libPods-AFNetworking.a"; sourceTree = "<group>"; };
		4DDFAC5D19762C860094FB8D /* libPods-HexColors.a */ = {isa = PBXFileReference; lastKnownFileType = archive.ar; name = "libPods-HexColors.a"; path = "Pods/build/Debug-iphoneos/libPods-HexColors.a"; sourceTree = "<group>"; };
		4DDFAC5E19762C860094FB8D /* libPods-Mantle.a */ = {isa = PBXFileReference; lastKnownFileType = archive.ar; name = "libPods-Mantle.a"; path = "Pods/build/Debug-iphoneos/libPods-Mantle.a"; sourceTree = "<group>"; };
		4DDFAC5F19762C860094FB8D /* libPods-ReactiveCocoa.a */ = {isa = PBXFileReference; lastKnownFileType = archive.ar; name = "libPods-ReactiveCocoa.a"; path = "Pods/build/Debug-iphoneos/libPods-ReactiveCocoa.a"; sourceTree = "<group>"; };
		4DDFAC6019762C860094FB8D /* libPods-TSMessages.a */ = {isa = PBXFileReference; lastKnownFileType = archive.ar; name = "libPods-TSMessages.a"; path = "Pods/build/Debug-iphoneos/libPods-TSMessages.a"; sourceTree = "<group>"; };
		4DDFAC6619762E650094FB8D /* iMods-Bridging-Header.h */ = {isa = PBXFileReference; fileEncoding = 4; lastKnownFileType = sourcecode.c.h; path = "iMods-Bridging-Header.h"; sourceTree = "<group>"; };
		4DF721E31979CE880011B91C /* ItemDetailViewController.swift */ = {isa = PBXFileReference; fileEncoding = 4; lastKnownFileType = sourcecode.swift; path = ItemDetailViewController.swift; sourceTree = "<group>"; };
		9015AF55E8614A20A367229A /* Pods.xcconfig */ = {isa = PBXFileReference; includeInIndex = 1; lastKnownFileType = text.xcconfig; name = Pods.xcconfig; path = Pods/Pods.xcconfig; sourceTree = "<group>"; };
/* End PBXFileReference section */

/* Begin PBXFrameworksBuildPhase section */
		284CBBAF1946F35A006539A3 /* Frameworks */ = {
			isa = PBXFrameworksBuildPhase;
			buildActionMask = 2147483647;
			files = (
				4D3A7F781991D0940024AB2B /* libPods.a in Frameworks */,
			);
			runOnlyForDeploymentPostprocessing = 0;
		};
		284CBBC31946F35A006539A3 /* Frameworks */ = {
			isa = PBXFrameworksBuildPhase;
			buildActionMask = 2147483647;
			files = (
				C7C2F715FD834C89850BD6DE /* libPods.a in Frameworks */,
			);
			runOnlyForDeploymentPostprocessing = 0;
		};
/* End PBXFrameworksBuildPhase section */

/* Begin PBXGroup section */
		237E9CEAFDC54C2EA68D6159 /* Frameworks */ = {
			isa = PBXGroup;
			children = (
				4D3A7F771991D0940024AB2B /* libPods.a */,
				4DDFAC5C19762C860094FB8D /* libPods-AFNetworking.a */,
				4DDFAC5D19762C860094FB8D /* libPods-HexColors.a */,
				4DDFAC5E19762C860094FB8D /* libPods-Mantle.a */,
				4DDFAC5F19762C860094FB8D /* libPods-ReactiveCocoa.a */,
				4DDFAC6019762C860094FB8D /* libPods-TSMessages.a */,
				0B3C95FDF7B146ABBF782234 /* libPods.a */,
			);
			name = Frameworks;
			sourceTree = "<group>";
		};
		284CBBA91946F35A006539A3 = {
			isa = PBXGroup;
			children = (
				284CBBB41946F35A006539A3 /* iMods */,
				284CBBC91946F35A006539A3 /* iModsTests */,
				284CBBB31946F35A006539A3 /* Products */,
				9015AF55E8614A20A367229A /* Pods.xcconfig */,
				237E9CEAFDC54C2EA68D6159 /* Frameworks */,
			);
			sourceTree = "<group>";
		};
		284CBBB31946F35A006539A3 /* Products */ = {
			isa = PBXGroup;
			children = (
				284CBBB21946F35A006539A3 /* iMods.app */,
				284CBBC61946F35A006539A3 /* iModsTests.xctest */,
			);
			name = Products;
			sourceTree = "<group>";
		};
		284CBBB41946F35A006539A3 /* iMods */ = {
			isa = PBXGroup;
			children = (
				4D8928FF19749E0500AD8A28 /* Resources */,
				4D8928FE19749DF400AD8A28 /* Classes */,
				284CBBB51946F35A006539A3 /* Supporting Files */,
			);
			path = iMods;
			sourceTree = "<group>";
		};
		284CBBB51946F35A006539A3 /* Supporting Files */ = {
			isa = PBXGroup;
			children = (
				284CBBB61946F35A006539A3 /* Info.plist */,
				4DDFAC6619762E650094FB8D /* iMods-Bridging-Header.h */,
			);
			name = "Supporting Files";
			sourceTree = "<group>";
		};
		284CBBC91946F35A006539A3 /* iModsTests */ = {
			isa = PBXGroup;
			children = (
				284CBBCC1946F35A006539A3 /* iModsTests.swift */,
				284CBBCA1946F35A006539A3 /* Supporting Files */,
			);
			path = iModsTests;
			sourceTree = "<group>";
		};
		284CBBCA1946F35A006539A3 /* Supporting Files */ = {
			isa = PBXGroup;
			children = (
				284CBBCB1946F35A006539A3 /* Info.plist */,
			);
			name = "Supporting Files";
			sourceTree = "<group>";
		};
		289F004219898A3E0032B0C8 /* Constants */ = {
			isa = PBXGroup;
			children = (
				284F988919898A9F0008DD90 /* IMOConstants.h */,
				284F988D19898AB00008DD90 /* IMOConstants.m */,
			);
			name = Constants;
			sourceTree = "<group>";
		};
		28CF066A19895AF4003347BB /* NetworkManager */ = {
			isa = PBXGroup;
			children = (
				28C7850119896ABF00323431 /* IMONetworkErrorResponse.h */,
				28C7850219896ABF00323431 /* IMONetworkErrorResponse.m */,
				2805497C19895B7C0049D619 /* IMONetworkManager.h */,
				2805497D19895B7C0049D619 /* IMONetworkManager.m */,
				289C58FB1994C33900AD0F5D /* IMOResponse.h */,
				289C58FC1994C33900AD0F5D /* IMOResponse.m */,
			);
			name = NetworkManager;
			sourceTree = "<group>";
		};
		28EC28781980DF0A0086CE7A /* SessionManager */ = {
			isa = PBXGroup;
			children = (
				28285A37199896A40056B707 /* IMOUserManager.h */,
				28285A38199896A40056B707 /* IMOUserManager.m */,
				28C955C41998904A00319DD0 /* IMOCategoryManager.h */,
				28C955C11998903A00319DD0 /* IMOCategoryManager.m */,
				28CF066719895783003347BB /* IMOSessionManager.m */,
				28EC287A1980DF4F0086CE7A /* IMOSessionManager.h */,
			);
			name = SessionManager;
			sourceTree = "<group>";
		};
		28EC28791980DF120086CE7A /* PackageManager */ = {
			isa = PBXGroup;
			children = (
				289F003C198985410032B0C8 /* IMOPackageManager.h */,
				289F003D198985410032B0C8 /* IMOPackageManager.m */,
			);
			name = PackageManager;
			sourceTree = "<group>";
		};
		4D8928A019747FF100AD8A28 /* Controllers */ = {
			isa = PBXGroup;
			children = (
				4D89289E19747FBD00AD8A28 /* FeaturedViewController.swift */,
				4D8928A11974801900AD8A28 /* CategoriesViewController.swift */,
				4D8928A31974809200AD8A28 /* SearchViewController.swift */,
				4D8928A71974813300AD8A28 /* UpdatesViewController.swift */,
				4D8928D619748CF000AD8A28 /* FeaturedNavigationController.swift */,
				4D8928D819748DE300AD8A28 /* FeaturedTableViewController.swift */,
				4DF721E31979CE880011B91C /* ItemDetailViewController.swift */,
				4DDAD9831994817D00918424 /* ProfileViewController.swift */,
				4DDAD98519948E0A00918424 /* FeaturedBannerController.swift */,
			);
			name = Controllers;
			path = Classes/Controllers;
			sourceTree = "<group>";
		};
		4D8928BF19748AC400AD8A28 /* Fonts */ = {
			isa = PBXGroup;
			children = (
				4D8928EA19749D7800AD8A28 /* OpenSans-Bold.ttf */,
				4D8928EB19749D7800AD8A28 /* OpenSans-BoldItalic.ttf */,
				4D8928EC19749D7800AD8A28 /* OpenSans-ExtraBold.ttf */,
				4D8928ED19749D7800AD8A28 /* OpenSans-ExtraBoldItalic.ttf */,
				4D8928EE19749D7800AD8A28 /* OpenSans-Italic.ttf */,
				4D8928EF19749D7800AD8A28 /* OpenSans-Light.ttf */,
				4D8928F019749D7800AD8A28 /* OpenSans-LightItalic.ttf */,
				4D8928F119749D7800AD8A28 /* OpenSans-Regular.ttf */,
				4D8928F219749D7800AD8A28 /* OpenSans-Semibold.ttf */,
				4D8928F319749D7800AD8A28 /* OpenSans-SemiboldItalic.ttf */,
			);
			name = Fonts;
			path = Resources/Fonts;
			sourceTree = "<group>";
		};
		4D8928DA19748E4800AD8A28 /* Models */ = {
			isa = PBXGroup;
			children = (
				285708971978E5F800C7F37B /* IMOUser.h */,
				2830E88F1978A5BE008E42ED /* IMOUser.m */,
				2830E8931978AFA5008E42ED /* IMOConstants.h */,
				285708991978E69E00C7F37B /* IMOBillingInfo.h */,
				2830E8981978BBAC008E42ED /* IMOBillingInfo.m */,
				285708981978E63F00C7F37B /* IMOCategory.h */,
				2830E89C1978BE75008E42ED /* IMOCategory.m */,
				2857089A1978E6E500C7F37B /* IMODevice.h */,
				2830E8A01978C46E008E42ED /* IMODevice.m */,
				2857089B1978E70B00C7F37B /* IMOItem.h */,
				2830E8A41978C808008E42ED /* IMOItem.m */,
				2857089C1978E73B00C7F37B /* IMOOrder.h */,
				285708941978CF5C00C7F37B /* IMOOrder.m */,
			);
			name = Models;
			path = Classes/Models;
			sourceTree = "<group>";
		};
		4D8928FE19749DF400AD8A28 /* Classes */ = {
			isa = PBXGroup;
			children = (
				289F004219898A3E0032B0C8 /* Constants */,
				28CF066A19895AF4003347BB /* NetworkManager */,
				28EC28791980DF120086CE7A /* PackageManager */,
				28EC28781980DF0A0086CE7A /* SessionManager */,
				4D89290119749EFD00AD8A28 /* AppDelegate */,
				4D89290019749EF700AD8A28 /* Helpers */,
				4D8928A019747FF100AD8A28 /* Controllers */,
				4D8928DA19748E4800AD8A28 /* Models */,
			);
			name = Classes;
			sourceTree = "<group>";
		};
		4D8928FF19749E0500AD8A28 /* Resources */ = {
			isa = PBXGroup;
			children = (
				4D89290219749F1000AD8A28 /* Storyboards */,
				4D8928BF19748AC400AD8A28 /* Fonts */,
				284CBBC01946F35A006539A3 /* Images.xcassets */,
			);
			name = Resources;
			sourceTree = "<group>";
		};
		4D89290019749EF700AD8A28 /* Helpers */ = {
			isa = PBXGroup;
			children = (
				4DDAD97F199464BA00918424 /* TweaksTestDataSource.swift */,
				4DDAD981199464CE00918424 /* ThemesTestDataSource.swift */,
				4DDAD9871994971C00918424 /* IMOItemDataSource.swift */,
			);
			name = Helpers;
			path = Classes/Helpers;
			sourceTree = "<group>";
		};
		4D89290119749EFD00AD8A28 /* AppDelegate */ = {
			isa = PBXGroup;
			children = (
				284CBBB71946F35A006539A3 /* AppDelegate.swift */,
			);
			name = AppDelegate;
			path = Classes/AppDelegate;
			sourceTree = "<group>";
		};
		4D89290219749F1000AD8A28 /* Storyboards */ = {
			isa = PBXGroup;
			children = (
				284CBBBD1946F35A006539A3 /* Main.storyboard */,
			);
			name = Storyboards;
			sourceTree = "<group>";
		};
/* End PBXGroup section */

/* Begin PBXNativeTarget section */
		284CBBB11946F35A006539A3 /* iMods */ = {
			isa = PBXNativeTarget;
			buildConfigurationList = 284CBBD01946F35A006539A3 /* Build configuration list for PBXNativeTarget "iMods" */;
			buildPhases = (
				14A4749C871041BCA8228C30 /* Check Pods Manifest.lock */,
				284CBBAE1946F35A006539A3 /* Sources */,
				284CBBAF1946F35A006539A3 /* Frameworks */,
				284CBBB01946F35A006539A3 /* Resources */,
				E572A205119B4446BCA8A9D3 /* Copy Pods Resources */,
				2845F30319952DB200D88EB8 /* ShellScript */,
			);
			buildRules = (
			);
			dependencies = (
			);
			name = iMods;
			productName = iMods;
			productReference = 284CBBB21946F35A006539A3 /* iMods.app */;
			productType = "com.apple.product-type.application";
		};
		284CBBC51946F35A006539A3 /* iModsTests */ = {
			isa = PBXNativeTarget;
			buildConfigurationList = 284CBBD31946F35A006539A3 /* Build configuration list for PBXNativeTarget "iModsTests" */;
			buildPhases = (
				19378665E6BA497DB0CB05A3 /* Check Pods Manifest.lock */,
				284CBBC21946F35A006539A3 /* Sources */,
				284CBBC31946F35A006539A3 /* Frameworks */,
				284CBBC41946F35A006539A3 /* Resources */,
				E47592018C144B82A1821253 /* Copy Pods Resources */,
			);
			buildRules = (
			);
			dependencies = (
				284CBBC81946F35A006539A3 /* PBXTargetDependency */,
				2857089F1978F44800C7F37B /* PBXTargetDependency */,
				28D9462019804B1A00DF7ADC /* PBXTargetDependency */,
				282130481994802B000A8FCF /* PBXTargetDependency */,
				2821304A1994802B000A8FCF /* PBXTargetDependency */,
				2821304C199486D0000A8FCF /* PBXTargetDependency */,
				2821304E199486D0000A8FCF /* PBXTargetDependency */,
				2821305019948D1F000A8FCF /* PBXTargetDependency */,
				2821305219949373000A8FCF /* PBXTargetDependency */,
				2821305419949C73000A8FCF /* PBXTargetDependency */,
				2821305619949C76000A8FCF /* PBXTargetDependency */,
				2821305819949C7B000A8FCF /* PBXTargetDependency */,
				289C59001994F3B900AD0F5D /* PBXTargetDependency */,
				289C590E1994F5EA00AD0F5D /* PBXTargetDependency */,
			);
			name = iModsTests;
			productName = iModsTests;
			productReference = 284CBBC61946F35A006539A3 /* iModsTests.xctest */;
			productType = "com.apple.product-type.bundle.unit-test";
		};
/* End PBXNativeTarget section */

/* Begin PBXProject section */
		284CBBAA1946F35A006539A3 /* Project object */ = {
			isa = PBXProject;
			attributes = {
				LastUpgradeCheck = 0600;
				ORGANIZATIONNAME = "Ryan Feng";
				TargetAttributes = {
					284CBBB11946F35A006539A3 = {
						CreatedOnToolsVersion = 6.0;
					};
					284CBBC51946F35A006539A3 = {
						CreatedOnToolsVersion = 6.0;
						TestTargetID = 284CBBB11946F35A006539A3;
					};
				};
			};
			buildConfigurationList = 284CBBAD1946F35A006539A3 /* Build configuration list for PBXProject "iMods" */;
			compatibilityVersion = "Xcode 3.2";
			developmentRegion = English;
			hasScannedForEncodings = 0;
			knownRegions = (
				en,
				Base,
			);
			mainGroup = 284CBBA91946F35A006539A3;
			productRefGroup = 284CBBB31946F35A006539A3 /* Products */;
			projectDirPath = "";
			projectRoot = "";
			targets = (
				284CBBB11946F35A006539A3 /* iMods */,
				284CBBC51946F35A006539A3 /* iModsTests */,
			);
		};
/* End PBXProject section */

/* Begin PBXResourcesBuildPhase section */
		284CBBB01946F35A006539A3 /* Resources */ = {
			isa = PBXResourcesBuildPhase;
			buildActionMask = 2147483647;
			files = (
				4D8928FB19749D7800AD8A28 /* OpenSans-Regular.ttf in Resources */,
				4D8928FC19749D7800AD8A28 /* OpenSans-Semibold.ttf in Resources */,
				284CBBBF1946F35A006539A3 /* Main.storyboard in Resources */,
				4D8928F719749D7800AD8A28 /* OpenSans-ExtraBoldItalic.ttf in Resources */,
				4D8928FD19749D7800AD8A28 /* OpenSans-SemiboldItalic.ttf in Resources */,
				4D8928F919749D7800AD8A28 /* OpenSans-Light.ttf in Resources */,
				284CBBC11946F35A006539A3 /* Images.xcassets in Resources */,
				4D8928F519749D7800AD8A28 /* OpenSans-BoldItalic.ttf in Resources */,
				4D8928F419749D7800AD8A28 /* OpenSans-Bold.ttf in Resources */,
				4D8928F619749D7800AD8A28 /* OpenSans-ExtraBold.ttf in Resources */,
				4D8928F819749D7800AD8A28 /* OpenSans-Italic.ttf in Resources */,
				4D8928FA19749D7800AD8A28 /* OpenSans-LightItalic.ttf in Resources */,
			);
			runOnlyForDeploymentPostprocessing = 0;
		};
		284CBBC41946F35A006539A3 /* Resources */ = {
			isa = PBXResourcesBuildPhase;
			buildActionMask = 2147483647;
			files = (
			);
			runOnlyForDeploymentPostprocessing = 0;
		};
/* End PBXResourcesBuildPhase section */

/* Begin PBXShellScriptBuildPhase section */
		14A4749C871041BCA8228C30 /* Check Pods Manifest.lock */ = {
			isa = PBXShellScriptBuildPhase;
			buildActionMask = 2147483647;
			files = (
			);
			inputPaths = (
			);
			name = "Check Pods Manifest.lock";
			outputPaths = (
			);
			runOnlyForDeploymentPostprocessing = 0;
			shellPath = /bin/sh;
			shellScript = "diff \"${PODS_ROOT}/../Podfile.lock\" \"${PODS_ROOT}/Manifest.lock\" > /dev/null\nif [[ $? != 0 ]] ; then\n    cat << EOM\nerror: The sandbox is not in sync with the Podfile.lock. Run 'pod install' or update your CocoaPods installation.\nEOM\n    exit 1\nfi\n";
			showEnvVarsInLog = 0;
		};
		19378665E6BA497DB0CB05A3 /* Check Pods Manifest.lock */ = {
			isa = PBXShellScriptBuildPhase;
			buildActionMask = 2147483647;
			files = (
			);
			inputPaths = (
			);
			name = "Check Pods Manifest.lock";
			outputPaths = (
			);
			runOnlyForDeploymentPostprocessing = 0;
			shellPath = /bin/sh;
			shellScript = "diff \"${PODS_ROOT}/../Podfile.lock\" \"${PODS_ROOT}/Manifest.lock\" > /dev/null\nif [[ $? != 0 ]] ; then\n    cat << EOM\nerror: The sandbox is not in sync with the Podfile.lock. Run 'pod install' or update your CocoaPods installation.\nEOM\n    exit 1\nfi\n";
			showEnvVarsInLog = 0;
		};
		2845F30319952DB200D88EB8 /* ShellScript */ = {
			isa = PBXShellScriptBuildPhase;
			buildActionMask = 2147483647;
			files = (
			);
			inputPaths = (
			);
			outputPaths = (
			);
			runOnlyForDeploymentPostprocessing = 0;
			shellPath = /bin/sh;
			shellScript = "#!/bin/bash\n# This was taken from variations from:\n# http://davedelong.com/blog/2009/04/15/incrementing-build-numbers-xcode\n\nbuildPlist=\"${PRODUCT_NAME}/Info.plist\"\n# Get the existing buildVersion and buildNumber values from the buildPlist\nbuildVersion=$(/usr/libexec/PlistBuddy -c \"Print CFBuildVersion\" $buildPlist)\nbuildMajorVersion=$(/usr/libexec/PlistBuddy -c \"Print CFBundleMajorVersion\" $buildPlist)\nbuildNumber=$(/usr/libexec/PlistBuddy -c \"Print CFBuildNumber\" $buildPlist)\nbuildDate=$(date \"+%Y%m%d.%H%M%S\")\n\n# Increment the buildNumber\nbuildNumber=$(($buildNumber + 1))\n\n# Set the version numbers in the buildPlist\n/usr/libexec/PlistBuddy -c \"Set :CFBuildNumber $buildNumber\" $buildPlist\n/usr/libexec/PlistBuddy -c \"Set :CFBuildDate $buildDate\" $buildPlist\n/usr/libexec/PlistBuddy -c \"Set :CFBundleVersion $buildMajorVersion.$buildVersion.$buildNumber\" $buildPlist\n/usr/libexec/PlistBuddy -c \"Set :CFBundleShortVersionString $buildMajorVersion.$buildVersion\" $buildPlist\n/usr/libexec/PlistBuddy -c \"Set :CFBundleLongVersionString $buildMajorVersion.$buildVersion.$buildNumber.$buildDate\" $buildPlist\n";
		};
		E47592018C144B82A1821253 /* Copy Pods Resources */ = {
			isa = PBXShellScriptBuildPhase;
			buildActionMask = 2147483647;
			files = (
			);
			inputPaths = (
			);
			name = "Copy Pods Resources";
			outputPaths = (
			);
			runOnlyForDeploymentPostprocessing = 0;
			shellPath = /bin/sh;
			shellScript = "\"${SRCROOT}/Pods/Pods-resources.sh\"\n";
			showEnvVarsInLog = 0;
		};
		E572A205119B4446BCA8A9D3 /* Copy Pods Resources */ = {
			isa = PBXShellScriptBuildPhase;
			buildActionMask = 2147483647;
			files = (
			);
			inputPaths = (
			);
			name = "Copy Pods Resources";
			outputPaths = (
			);
			runOnlyForDeploymentPostprocessing = 0;
			shellPath = /bin/sh;
			shellScript = "\"${SRCROOT}/Pods/Pods-resources.sh\"\n";
			showEnvVarsInLog = 0;
		};
/* End PBXShellScriptBuildPhase section */

/* Begin PBXSourcesBuildPhase section */
		284CBBAE1946F35A006539A3 /* Sources */ = {
			isa = PBXSourcesBuildPhase;
			buildActionMask = 2147483647;
			files = (
				2830E8A51978C808008E42ED /* IMOItem.m in Sources */,
				28285A39199896A40056B707 /* IMOUserManager.m in Sources */,
				2830E8901978A5BE008E42ED /* IMOUser.m in Sources */,
				28C955C21998903A00319DD0 /* IMOCategoryManager.m in Sources */,
				2830E8991978BBAC008E42ED /* IMOBillingInfo.m in Sources */,
				4D8928A41974809200AD8A28 /* SearchViewController.swift in Sources */,
				28C7850319896ABF00323431 /* IMONetworkErrorResponse.m in Sources */,
				4D8928D719748CF000AD8A28 /* FeaturedNavigationController.swift in Sources */,
				4DDAD9881994971C00918424 /* IMOItemDataSource.swift in Sources */,
				4DDAD9841994817D00918424 /* ProfileViewController.swift in Sources */,
				4DDAD982199464CE00918424 /* ThemesTestDataSource.swift in Sources */,
				2830E8A11978C46E008E42ED /* IMODevice.m in Sources */,
				4DDAD98619948E0A00918424 /* FeaturedBannerController.swift in Sources */,
				4D8928D919748DE300AD8A28 /* FeaturedTableViewController.swift in Sources */,
				284F988E19898AB00008DD90 /* IMOConstants.m in Sources */,
				289F003E198985410032B0C8 /* IMOPackageManager.m in Sources */,
				4D8928A81974813300AD8A28 /* UpdatesViewController.swift in Sources */,
				284CBBB81946F35A006539A3 /* AppDelegate.swift in Sources */,
				4D8928A21974801900AD8A28 /* CategoriesViewController.swift in Sources */,
				28CF066819895783003347BB /* IMOSessionManager.m in Sources */,
				4D89289F19747FBD00AD8A28 /* FeaturedViewController.swift in Sources */,
				4DDAD980199464BA00918424 /* TweaksTestDataSource.swift in Sources */,
				4DF721E41979CE880011B91C /* ItemDetailViewController.swift in Sources */,
				2830E89D1978BE75008E42ED /* IMOCategory.m in Sources */,
				2805497E19895B7C0049D619 /* IMONetworkManager.m in Sources */,
				289C58FD1994C33900AD0F5D /* IMOResponse.m in Sources */,
				285708951978CF5C00C7F37B /* IMOOrder.m in Sources */,
			);
			runOnlyForDeploymentPostprocessing = 0;
		};
		284CBBC21946F35A006539A3 /* Sources */ = {
			isa = PBXSourcesBuildPhase;
			buildActionMask = 2147483647;
			files = (
				2830E8A61978C808008E42ED /* IMOItem.m in Sources */,
				2830E8911978A5BE008E42ED /* IMOUser.m in Sources */,
				28CF066919895783003347BB /* IMOSessionManager.m in Sources */,
				2830E89A1978BBAC008E42ED /* IMOBillingInfo.m in Sources */,
				2805497F19895B7C0049D619 /* IMONetworkManager.m in Sources */,
				28C7850419896ABF00323431 /* IMONetworkErrorResponse.m in Sources */,
				28C955C31998903A00319DD0 /* IMOCategoryManager.m in Sources */,
				289F003F198985410032B0C8 /* IMOPackageManager.m in Sources */,
				284CBBCD1946F35A006539A3 /* iModsTests.swift in Sources */,
				28285A3A199896A40056B707 /* IMOUserManager.m in Sources */,
				285708961978CF5C00C7F37B /* IMOOrder.m in Sources */,
				2830E8A21978C46E008E42ED /* IMODevice.m in Sources */,
				2830E89E1978BE75008E42ED /* IMOCategory.m in Sources */,
				289C58FE1994C33900AD0F5D /* IMOResponse.m in Sources */,
				284F988F19898AB00008DD90 /* IMOConstants.m in Sources */,
			);
			runOnlyForDeploymentPostprocessing = 0;
		};
/* End PBXSourcesBuildPhase section */

/* Begin PBXTargetDependency section */
		282130481994802B000A8FCF /* PBXTargetDependency */ = {
			isa = PBXTargetDependency;
			target = 284CBBB11946F35A006539A3 /* iMods */;
			targetProxy = 282130471994802B000A8FCF /* PBXContainerItemProxy */;
		};
		2821304A1994802B000A8FCF /* PBXTargetDependency */ = {
			isa = PBXTargetDependency;
			target = 284CBBB11946F35A006539A3 /* iMods */;
			targetProxy = 282130491994802B000A8FCF /* PBXContainerItemProxy */;
		};
		2821304C199486D0000A8FCF /* PBXTargetDependency */ = {
			isa = PBXTargetDependency;
			target = 284CBBB11946F35A006539A3 /* iMods */;
			targetProxy = 2821304B199486D0000A8FCF /* PBXContainerItemProxy */;
		};
		2821304E199486D0000A8FCF /* PBXTargetDependency */ = {
			isa = PBXTargetDependency;
			target = 284CBBB11946F35A006539A3 /* iMods */;
			targetProxy = 2821304D199486D0000A8FCF /* PBXContainerItemProxy */;
		};
		2821305019948D1F000A8FCF /* PBXTargetDependency */ = {
			isa = PBXTargetDependency;
			target = 284CBBB11946F35A006539A3 /* iMods */;
			targetProxy = 2821304F19948D1F000A8FCF /* PBXContainerItemProxy */;
		};
		2821305219949373000A8FCF /* PBXTargetDependency */ = {
			isa = PBXTargetDependency;
			target = 284CBBB11946F35A006539A3 /* iMods */;
			targetProxy = 2821305119949373000A8FCF /* PBXContainerItemProxy */;
		};
		2821305419949C73000A8FCF /* PBXTargetDependency */ = {
			isa = PBXTargetDependency;
			target = 284CBBB11946F35A006539A3 /* iMods */;
			targetProxy = 2821305319949C73000A8FCF /* PBXContainerItemProxy */;
		};
		2821305619949C76000A8FCF /* PBXTargetDependency */ = {
			isa = PBXTargetDependency;
			target = 284CBBB11946F35A006539A3 /* iMods */;
			targetProxy = 2821305519949C76000A8FCF /* PBXContainerItemProxy */;
		};
		2821305819949C7B000A8FCF /* PBXTargetDependency */ = {
			isa = PBXTargetDependency;
			target = 284CBBB11946F35A006539A3 /* iMods */;
			targetProxy = 2821305719949C7B000A8FCF /* PBXContainerItemProxy */;
		};
		284CBBC81946F35A006539A3 /* PBXTargetDependency */ = {
			isa = PBXTargetDependency;
			target = 284CBBB11946F35A006539A3 /* iMods */;
			targetProxy = 284CBBC71946F35A006539A3 /* PBXContainerItemProxy */;
		};
		2857089F1978F44800C7F37B /* PBXTargetDependency */ = {
			isa = PBXTargetDependency;
			target = 284CBBB11946F35A006539A3 /* iMods */;
			targetProxy = 2857089E1978F44800C7F37B /* PBXContainerItemProxy */;
		};
		289C59001994F3B900AD0F5D /* PBXTargetDependency */ = {
			isa = PBXTargetDependency;
			target = 284CBBB11946F35A006539A3 /* iMods */;
			targetProxy = 289C58FF1994F3B900AD0F5D /* PBXContainerItemProxy */;
		};
		289C590E1994F5EA00AD0F5D /* PBXTargetDependency */ = {
			isa = PBXTargetDependency;
			target = 284CBBB11946F35A006539A3 /* iMods */;
			targetProxy = 289C590D1994F5EA00AD0F5D /* PBXContainerItemProxy */;
		};
		28D9462019804B1A00DF7ADC /* PBXTargetDependency */ = {
			isa = PBXTargetDependency;
			target = 284CBBB11946F35A006539A3 /* iMods */;
			targetProxy = 28D9461F19804B1A00DF7ADC /* PBXContainerItemProxy */;
		};
/* End PBXTargetDependency section */

/* Begin PBXVariantGroup section */
		284CBBBD1946F35A006539A3 /* Main.storyboard */ = {
			isa = PBXVariantGroup;
			children = (
				284CBBBE1946F35A006539A3 /* Base */,
			);
			name = Main.storyboard;
			sourceTree = "<group>";
		};
/* End PBXVariantGroup section */

/* Begin XCBuildConfiguration section */
		284CBBCE1946F35A006539A3 /* Debug */ = {
			isa = XCBuildConfiguration;
			buildSettings = {
				ALWAYS_SEARCH_USER_PATHS = NO;
				CLANG_CXX_LANGUAGE_STANDARD = "gnu++0x";
				CLANG_CXX_LIBRARY = "libc++";
				CLANG_ENABLE_MODULES = YES;
				CLANG_ENABLE_OBJC_ARC = YES;
				CLANG_WARN_BOOL_CONVERSION = YES;
				CLANG_WARN_CONSTANT_CONVERSION = YES;
				CLANG_WARN_DIRECT_OBJC_ISA_USAGE = YES_ERROR;
				CLANG_WARN_EMPTY_BODY = YES;
				CLANG_WARN_ENUM_CONVERSION = YES;
				CLANG_WARN_INT_CONVERSION = YES;
				CLANG_WARN_OBJC_ROOT_CLASS = YES_ERROR;
				CLANG_WARN_UNREACHABLE_CODE = YES;
				CLANG_WARN__DUPLICATE_METHOD_MATCH = YES;
				"CODE_SIGN_IDENTITY[sdk=iphoneos*]" = "iPhone Developer";
				COPY_PHASE_STRIP = NO;
				ENABLE_STRICT_OBJC_MSGSEND = YES;
				GCC_C_LANGUAGE_STANDARD = gnu99;
				GCC_DYNAMIC_NO_PIC = NO;
				GCC_OPTIMIZATION_LEVEL = 0;
				GCC_PREPROCESSOR_DEFINITIONS = (
					"DEBUG=1",
					"$(inherited)",
				);
				GCC_SYMBOLS_PRIVATE_EXTERN = NO;
				GCC_WARN_64_TO_32_BIT_CONVERSION = YES;
				GCC_WARN_ABOUT_RETURN_TYPE = YES_ERROR;
				GCC_WARN_UNDECLARED_SELECTOR = YES;
				GCC_WARN_UNINITIALIZED_AUTOS = YES_AGGRESSIVE;
				GCC_WARN_UNUSED_FUNCTION = YES;
				GCC_WARN_UNUSED_VARIABLE = YES;
				IPHONEOS_DEPLOYMENT_TARGET = 8.0;
				METAL_ENABLE_DEBUG_INFO = YES;
				ONLY_ACTIVE_ARCH = YES;
				SDKROOT = iphoneos;
				SWIFT_OPTIMIZATION_LEVEL = "-Onone";
				TARGETED_DEVICE_FAMILY = "1,2";
			};
			name = Debug;
		};
		284CBBCF1946F35A006539A3 /* Release */ = {
			isa = XCBuildConfiguration;
			buildSettings = {
				ALWAYS_SEARCH_USER_PATHS = NO;
				CLANG_CXX_LANGUAGE_STANDARD = "gnu++0x";
				CLANG_CXX_LIBRARY = "libc++";
				CLANG_ENABLE_MODULES = YES;
				CLANG_ENABLE_OBJC_ARC = YES;
				CLANG_WARN_BOOL_CONVERSION = YES;
				CLANG_WARN_CONSTANT_CONVERSION = YES;
				CLANG_WARN_DIRECT_OBJC_ISA_USAGE = YES_ERROR;
				CLANG_WARN_EMPTY_BODY = YES;
				CLANG_WARN_ENUM_CONVERSION = YES;
				CLANG_WARN_INT_CONVERSION = YES;
				CLANG_WARN_OBJC_ROOT_CLASS = YES_ERROR;
				CLANG_WARN_UNREACHABLE_CODE = YES;
				CLANG_WARN__DUPLICATE_METHOD_MATCH = YES;
				"CODE_SIGN_IDENTITY[sdk=iphoneos*]" = "iPhone Developer";
				COPY_PHASE_STRIP = YES;
				ENABLE_NS_ASSERTIONS = NO;
				ENABLE_STRICT_OBJC_MSGSEND = YES;
				GCC_C_LANGUAGE_STANDARD = gnu99;
				GCC_WARN_64_TO_32_BIT_CONVERSION = YES;
				GCC_WARN_ABOUT_RETURN_TYPE = YES_ERROR;
				GCC_WARN_UNDECLARED_SELECTOR = YES;
				GCC_WARN_UNINITIALIZED_AUTOS = YES_AGGRESSIVE;
				GCC_WARN_UNUSED_FUNCTION = YES;
				GCC_WARN_UNUSED_VARIABLE = YES;
				IPHONEOS_DEPLOYMENT_TARGET = 8.0;
				METAL_ENABLE_DEBUG_INFO = NO;
				SDKROOT = iphoneos;
				TARGETED_DEVICE_FAMILY = "1,2";
				VALIDATE_PRODUCT = YES;
			};
			name = Release;
		};
		284CBBD11946F35A006539A3 /* Debug */ = {
			isa = XCBuildConfiguration;
			baseConfigurationReference = 9015AF55E8614A20A367229A /* Pods.xcconfig */;
			buildSettings = {
				ASSETCATALOG_COMPILER_APPICON_NAME = AppIcon;
				ASSETCATALOG_COMPILER_LAUNCHIMAGE_NAME = LaunchImage;
				CODE_SIGN_IDENTITY = "iPhone Developer";
				"CODE_SIGN_IDENTITY[sdk=iphoneos*]" = "iPhone Developer";
				INFOPLIST_FILE = iMods/Info.plist;
				LD_RUNPATH_SEARCH_PATHS = "$(inherited) @executable_path/Frameworks";
				LIBRARY_SEARCH_PATHS = (
					"$(inherited)",
					"$(PROJECT_DIR)/Pods/build/Debug-iphoneos",
				);
				PRODUCT_NAME = "$(TARGET_NAME)";
				PROVISIONING_PROFILE = "";
				SWIFT_OBJC_BRIDGING_HEADER = "iMods/iMods-Bridging-Header.h";
			};
			name = Debug;
		};
		284CBBD21946F35A006539A3 /* Release */ = {
			isa = XCBuildConfiguration;
			baseConfigurationReference = 9015AF55E8614A20A367229A /* Pods.xcconfig */;
			buildSettings = {
				ASSETCATALOG_COMPILER_APPICON_NAME = AppIcon;
				ASSETCATALOG_COMPILER_LAUNCHIMAGE_NAME = LaunchImage;
				CODE_SIGN_IDENTITY = "iPhone Developer";
				"CODE_SIGN_IDENTITY[sdk=iphoneos*]" = "iPhone Developer";
				INFOPLIST_FILE = iMods/Info.plist;
				LD_RUNPATH_SEARCH_PATHS = "$(inherited) @executable_path/Frameworks";
				LIBRARY_SEARCH_PATHS = (
					"$(inherited)",
					"$(PROJECT_DIR)/Pods/build/Debug-iphoneos",
				);
				PRODUCT_NAME = "$(TARGET_NAME)";
				PROVISIONING_PROFILE = "";
				SWIFT_OBJC_BRIDGING_HEADER = "iMods/iMods-Bridging-Header.h";
			};
			name = Release;
		};
		284CBBD41946F35A006539A3 /* Debug */ = {
			isa = XCBuildConfiguration;
			baseConfigurationReference = 9015AF55E8614A20A367229A /* Pods.xcconfig */;
			buildSettings = {
				BUNDLE_LOADER = "$(BUILT_PRODUCTS_DIR)/iMods.app/iMods";
				CLANG_ENABLE_MODULES = YES;
				FRAMEWORK_SEARCH_PATHS = (
					"$(SDKROOT)/Developer/Library/Frameworks",
					"$(inherited)",
				);
				GCC_PREPROCESSOR_DEFINITIONS = (
					"DEBUG=1",
					"$(inherited)",
				);
				INFOPLIST_FILE = iModsTests/Info.plist;
				LD_RUNPATH_SEARCH_PATHS = "$(inherited) @executable_path/Frameworks @loader_path/Frameworks";
				METAL_ENABLE_DEBUG_INFO = YES;
				PRODUCT_NAME = "$(TARGET_NAME)";
				SWIFT_OBJC_BRIDGING_HEADER = "iMods/iMods-Bridging-Header.h";
				SWIFT_OPTIMIZATION_LEVEL = "-Onone";
				TEST_HOST = "$(BUNDLE_LOADER)";
			};
			name = Debug;
		};
		284CBBD51946F35A006539A3 /* Release */ = {
			isa = XCBuildConfiguration;
			baseConfigurationReference = 9015AF55E8614A20A367229A /* Pods.xcconfig */;
			buildSettings = {
				BUNDLE_LOADER = "$(BUILT_PRODUCTS_DIR)/iMods.app/iMods";
				CLANG_ENABLE_MODULES = YES;
				FRAMEWORK_SEARCH_PATHS = (
					"$(SDKROOT)/Developer/Library/Frameworks",
					"$(inherited)",
				);
				INFOPLIST_FILE = iModsTests/Info.plist;
				LD_RUNPATH_SEARCH_PATHS = "$(inherited) @executable_path/Frameworks @loader_path/Frameworks";
				METAL_ENABLE_DEBUG_INFO = NO;
				PRODUCT_NAME = "$(TARGET_NAME)";
				SWIFT_OBJC_BRIDGING_HEADER = "iMods/iMods-Bridging-Header.h";
				TEST_HOST = "$(BUNDLE_LOADER)";
			};
			name = Release;
		};
/* End XCBuildConfiguration section */

/* Begin XCConfigurationList section */
		284CBBAD1946F35A006539A3 /* Build configuration list for PBXProject "iMods" */ = {
			isa = XCConfigurationList;
			buildConfigurations = (
				284CBBCE1946F35A006539A3 /* Debug */,
				284CBBCF1946F35A006539A3 /* Release */,
			);
			defaultConfigurationIsVisible = 0;
			defaultConfigurationName = Release;
		};
		284CBBD01946F35A006539A3 /* Build configuration list for PBXNativeTarget "iMods" */ = {
			isa = XCConfigurationList;
			buildConfigurations = (
				284CBBD11946F35A006539A3 /* Debug */,
				284CBBD21946F35A006539A3 /* Release */,
			);
			defaultConfigurationIsVisible = 0;
			defaultConfigurationName = Release;
		};
		284CBBD31946F35A006539A3 /* Build configuration list for PBXNativeTarget "iModsTests" */ = {
			isa = XCConfigurationList;
			buildConfigurations = (
				284CBBD41946F35A006539A3 /* Debug */,
				284CBBD51946F35A006539A3 /* Release */,
			);
			defaultConfigurationIsVisible = 0;
			defaultConfigurationName = Release;
		};
/* End XCConfigurationList section */
	};
	rootObject = 284CBBAA1946F35A006539A3 /* Project object */;
}
